
Microsoft Visual Studio Solution File, Format Version 12.00
# Visual Studio Version 17
VisualStudioVersion = 17.5.002.0
MinimumVisualStudioVersion = 10.0.40219.1
Project("{9A19103F-16F7-4668-BE54-9A1E7A4F7556}") = "AuthLawan", "AuthLawan.csproj", "{9C7DA824-B640-48E5-9896-6BCFB6D7B203}"
EndProject
Global
	GlobalSection(SolutionConfigurationPlatforms) = preSolution
		Debug|Any CPU = Debug|Any CPU
		Release|Any CPU = Release|Any CPU
	EndGlobalSection
	GlobalSection(ProjectConfigurationPlatforms) = postSolution
		{9C7DA824-B640-48E5-9896-6BCFB6D7B203}.Debug|Any CPU.ActiveCfg = Debug|Any CPU
		{9C7DA824-B640-48E5-9896-6BCFB6D7B203}.Debug|Any CPU.Build.0 = Debug|Any CPU
		{9C7DA824-B640-48E5-9896-6BCFB6D7B203}.Release|Any CPU.ActiveCfg = Release|Any CPU
		{9C7DA824-B640-48E5-9896-6BCFB6D7B203}.Release|Any CPU.Build.0 = Release|Any CPU
	EndGlobalSection
	GlobalSection(SolutionProperties) = preSolution
		HideSolutionNode = FALSE
	EndGlobalSection
	GlobalSection(ExtensibilityGlobals) = postSolution
		SolutionGuid = {A526F61A-0A81-47BA-AA3A-417266B74E95}
	EndGlobalSection
EndGlobal
